{
  "lockfileVersion": 1,
  "workspaces": {
    "": {
      "name": "lambda",
      "dependencies": {
        "@aws-sdk/client-s3": "^3.911.0",
        "file-type": "^21.0.0",
      },
      "devDependencies": {
        "@types/aws-lambda": "^8.10.156",
        "@types/bun": "latest",
      },
      "peerDependencies": {
        "typescript": "^5.9.3",
      },
    },
  },
  "packages": {
    "@aws-crypto/crc32": ["@aws-crypto/crc32@5.2.0", "", { "dependencies": { "@aws-crypto/util": "^5.2.0", "@aws-sdk/types": "^3.222.0", "tslib": "^2.6.2" } }, "sha512-nLbCWqQNgUiwwtFsen1AdzAtvuLRsQS8rYgMuxCrdKf9kOssamGLuPwyTY9wyYblNr9+1XM8v6zoDTPPSIeANg=="],

    "@aws-crypto/crc32c": ["@aws-crypto/crc32c@5.2.0", "", { "dependencies": { "@aws-crypto/util": "^5.2.0", "@aws-sdk/types": "^3.222.0", "tslib": "^2.6.2" } }, "sha512-+iWb8qaHLYKrNvGRbiYRHSdKRWhto5XlZUEBwDjYNf+ly5SVYG6zEoYIdxvf5R3zyeP16w4PLBn3rH1xc74Rag=="],

    "@aws-crypto/sha1-browser": ["@aws-crypto/sha1-browser@5.2.0", "", { "dependencies": { "@aws-crypto/supports-web-crypto": "^5.2.0", "@aws-crypto/util": "^5.2.0", "@aws-sdk/types": "^3.222.0", "@aws-sdk/util-locate-window": "^3.0.0", "@smithy/util-utf8": "^2.0.0", "tslib": "^2.6.2" } }, "sha512-OH6lveCFfcDjX4dbAvCFSYUjJZjDr/3XJ3xHtjn3Oj5b9RjojQo8npoLeA/bNwkOkrSQ0wgrHzXk4tDRxGKJeg=="],

    "@aws-crypto/sha256-browser": ["@aws-crypto/sha256-browser@5.2.0", "", { "dependencies": { "@aws-crypto/sha256-js": "^5.2.0", "@aws-crypto/supports-web-crypto": "^5.2.0", "@aws-crypto/util": "^5.2.0", "@aws-sdk/types": "^3.222.0", "@aws-sdk/util-locate-window": "^3.0.0", "@smithy/util-utf8": "^2.0.0", "tslib": "^2.6.2" } }, "sha512-AXfN/lGotSQwu6HNcEsIASo7kWXZ5HYWvfOmSNKDsEqC4OashTp8alTmaz+F7TC2L083SFv5RdB+qU3Vs1kZqw=="],

    "@aws-crypto/sha256-js": ["@aws-crypto/sha256-js@5.2.0", "", { "dependencies": { "@aws-crypto/util": "^5.2.0", "@aws-sdk/types": "^3.222.0", "tslib": "^2.6.2" } }, "sha512-FFQQyu7edu4ufvIZ+OadFpHHOt+eSTBaYaki44c+akjg7qZg9oOQeLlk77F6tSYqjDAFClrHJk9tMf0HdVyOvA=="],

    "@aws-crypto/supports-web-crypto": ["@aws-crypto/supports-web-crypto@5.2.0", "", { "dependencies": { "tslib": "^2.6.2" } }, "sha512-iAvUotm021kM33eCdNfwIN//F77/IADDSs58i+MDaOqFrVjZo9bAal0NK7HurRuWLLpF1iLX7gbWrjHjeo+YFg=="],

    "@aws-crypto/util": ["@aws-crypto/util@5.2.0", "", { "dependencies": { "@aws-sdk/types": "^3.222.0", "@smithy/util-utf8": "^2.0.0", "tslib": "^2.6.2" } }, "sha512-4RkU9EsI6ZpBve5fseQlGNUWKMa1RLPQ1dnjnQoe07ldfIzcsGb5hC5W0Dm7u423KWzawlrpbjXBrXCEv9zazQ=="],

    "@aws-sdk/client-s3": ["@aws-sdk/client-s3@3.911.0", "", { "dependencies": { "@aws-crypto/sha1-browser": "5.2.0", "@aws-crypto/sha256-browser": "5.2.0", "@aws-crypto/sha256-js": "5.2.0", "@aws-sdk/core": "3.911.0", "@aws-sdk/credential-provider-node": "3.911.0", "@aws-sdk/middleware-bucket-endpoint": "3.910.0", "@aws-sdk/middleware-expect-continue": "3.910.0", "@aws-sdk/middleware-flexible-checksums": "3.911.0", "@aws-sdk/middleware-host-header": "3.910.0", "@aws-sdk/middleware-location-constraint": "3.910.0", "@aws-sdk/middleware-logger": "3.910.0", "@aws-sdk/middleware-recursion-detection": "3.910.0", "@aws-sdk/middleware-sdk-s3": "3.911.0", "@aws-sdk/middleware-ssec": "3.910.0", "@aws-sdk/middleware-user-agent": "3.911.0", "@aws-sdk/region-config-resolver": "3.910.0", "@aws-sdk/signature-v4-multi-region": "3.911.0", "@aws-sdk/types": "3.910.0", "@aws-sdk/util-endpoints": "3.910.0", "@aws-sdk/util-user-agent-browser": "3.910.0", "@aws-sdk/util-user-agent-node": "3.911.0", "@aws-sdk/xml-builder": "3.911.0", "@smithy/config-resolver": "^4.3.2", "@smithy/core": "^3.16.1", "@smithy/eventstream-serde-browser": "^4.2.2", "@smithy/eventstream-serde-config-resolver": "^4.3.2", "@smithy/eventstream-serde-node": "^4.2.2", "@smithy/fetch-http-handler": "^5.3.3", "@smithy/hash-blob-browser": "^4.2.3", "@smithy/hash-node": "^4.2.2", "@smithy/hash-stream-node": "^4.2.2", "@smithy/invalid-dependency": "^4.2.2", "@smithy/md5-js": "^4.2.2", "@smithy/middleware-content-length": "^4.2.2", "@smithy/middleware-endpoint": "^4.3.3", "@smithy/middleware-retry": "^4.4.3", "@smithy/middleware-serde": "^4.2.2", "@smithy/middleware-stack": "^4.2.2", "@smithy/node-config-provider": "^4.3.2", "@smithy/node-http-handler": "^4.4.1", "@smithy/protocol-http": "^5.3.2", "@smithy/smithy-client": "^4.8.1", "@smithy/types": "^4.7.1", "@smithy/url-parser": "^4.2.2", "@smithy/util-base64": "^4.3.0", "@smithy/util-body-length-browser": "^4.2.0", "@smithy/util-body-length-node": "^4.2.1", "@smithy/util-defaults-mode-browser": "^4.3.2", "@smithy/util-defaults-mode-node": "^4.2.3", "@smithy/util-endpoints": "^3.2.2", "@smithy/util-middleware": "^4.2.2", "@smithy/util-retry": "^4.2.2", "@smithy/util-stream": "^4.5.2", "@smithy/util-utf8": "^4.2.0", "@smithy/util-waiter": "^4.2.2", "@smithy/uuid": "^1.1.0", "tslib": "^2.6.2" } }, "sha512-/quXtfLytvLv9JCbTC+qAxVpk+f6X4UNX2g4UMrOHXHKBbAu6F+O1Do3vdw2lGj2grFQCC256lY09tuOoJJ3/w=="],

    "@aws-sdk/client-sso": ["@aws-sdk/client-sso@3.911.0", "", { "dependencies": { "@aws-crypto/sha256-browser": "5.2.0", "@aws-crypto/sha256-js": "5.2.0", "@aws-sdk/core": "3.911.0", "@aws-sdk/middleware-host-header": "3.910.0", "@aws-sdk/middleware-logger": "3.910.0", "@aws-sdk/middleware-recursion-detection": "3.910.0", "@aws-sdk/middleware-user-agent": "3.911.0", "@aws-sdk/region-config-resolver": "3.910.0", "@aws-sdk/types": "3.910.0", "@aws-sdk/util-endpoints": "3.910.0", "@aws-sdk/util-user-agent-browser": "3.910.0", "@aws-sdk/util-user-agent-node": "3.911.0", "@smithy/config-resolver": "^4.3.2", "@smithy/core": "^3.16.1", "@smithy/fetch-http-handler": "^5.3.3", "@smithy/hash-node": "^4.2.2", "@smithy/invalid-dependency": "^4.2.2", "@smithy/middleware-content-length": "^4.2.2", "@smithy/middleware-endpoint": "^4.3.3", "@smithy/middleware-retry": "^4.4.3", "@smithy/middleware-serde": "^4.2.2", "@smithy/middleware-stack": "^4.2.2", "@smithy/node-config-provider": "^4.3.2", "@smithy/node-http-handler": "^4.4.1", "@smithy/protocol-http": "^5.3.2", "@smithy/smithy-client": "^4.8.1", "@smithy/types": "^4.7.1", "@smithy/url-parser": "^4.2.2", "@smithy/util-base64": "^4.3.0", "@smithy/util-body-length-browser": "^4.2.0", "@smithy/util-body-length-node": "^4.2.1", "@smithy/util-defaults-mode-browser": "^4.3.2", "@smithy/util-defaults-mode-node": "^4.2.3", "@smithy/util-endpoints": "^3.2.2", "@smithy/util-middleware": "^4.2.2", "@smithy/util-retry": "^4.2.2", "@smithy/util-utf8": "^4.2.0", "tslib": "^2.6.2" } }, "sha512-N9QAeMvN3D1ZyKXkQp4aUgC4wUMuA5E1HuVCkajc0bq1pnH4PIke36YlrDGGREqPlyLFrXCkws2gbL5p23vtlg=="],

    "@aws-sdk/core": ["@aws-sdk/core@3.911.0", "", { "dependencies": { "@aws-sdk/types": "3.910.0", "@aws-sdk/xml-builder": "3.911.0", "@smithy/core": "^3.16.1", "@smithy/node-config-provider": "^4.3.2", "@smithy/property-provider": "^4.2.2", "@smithy/protocol-http": "^5.3.2", "@smithy/signature-v4": "^5.3.2", "@smithy/smithy-client": "^4.8.1", "@smithy/types": "^4.7.1", "@smithy/util-base64": "^4.3.0", "@smithy/util-middleware": "^4.2.2", "@smithy/util-utf8": "^4.2.0", "tslib": "^2.6.2" } }, "sha512-k4QG9A+UCq/qlDJFmjozo6R0eXXfe++/KnCDMmajehIE9kh+b/5DqlGvAmbl9w4e92LOtrY6/DN3mIX1xs4sXw=="],

    "@aws-sdk/credential-provider-env": ["@aws-sdk/credential-provider-env@3.911.0", "", { "dependencies": { "@aws-sdk/core": "3.911.0", "@aws-sdk/types": "3.910.0", "@smithy/property-provider": "^4.2.2", "@smithy/types": "^4.7.1", "tslib": "^2.6.2" } }, "sha512-6FWRwWn3LUZzLhqBXB+TPMW2ijCWUqGICSw8bVakEdODrvbiv1RT/MVUayzFwz/ek6e6NKZn6DbSWzx07N9Hjw=="],

    "@aws-sdk/credential-provider-http": ["@aws-sdk/credential-provider-http@3.911.0", "", { "dependencies": { "@aws-sdk/core": "3.911.0", "@aws-sdk/types": "3.910.0", "@smithy/fetch-http-handler": "^5.3.3", "@smithy/node-http-handler": "^4.4.1", "@smithy/property-provider": "^4.2.2", "@smithy/protocol-http": "^5.3.2", "@smithy/smithy-client": "^4.8.1", "@smithy/types": "^4.7.1", "@smithy/util-stream": "^4.5.2", "tslib": "^2.6.2" } }, "sha512-xUlwKmIUW2fWP/eM3nF5u4CyLtOtyohlhGJ5jdsJokr3MrQ7w0tDITO43C9IhCn+28D5UbaiWnKw5ntkw7aVfA=="],

    "@aws-sdk/credential-provider-ini": ["@aws-sdk/credential-provider-ini@3.911.0", "", { "dependencies": { "@aws-sdk/core": "3.911.0", "@aws-sdk/credential-provider-env": "3.911.0", "@aws-sdk/credential-provider-http": "3.911.0", "@aws-sdk/credential-provider-process": "3.911.0", "@aws-sdk/credential-provider-sso": "3.911.0", "@aws-sdk/credential-provider-web-identity": "3.911.0", "@aws-sdk/nested-clients": "3.911.0", "@aws-sdk/types": "3.910.0", "@smithy/credential-provider-imds": "^4.2.2", "@smithy/property-provider": "^4.2.2", "@smithy/shared-ini-file-loader": "^4.3.2", "@smithy/types": "^4.7.1", "tslib": "^2.6.2" } }, "sha512-bQ86kWAZ0Imn7uWl7uqOYZ2aqlkftPmEc8cQh+QyhmUXbia8II4oYKq/tMek6j3M5UOMCiJVxzJoxemJZA6/sw=="],

    "@aws-sdk/credential-provider-node": ["@aws-sdk/credential-provider-node@3.911.0", "", { "dependencies": { "@aws-sdk/credential-provider-env": "3.911.0", "@aws-sdk/credential-provider-http": "3.911.0", "@aws-sdk/credential-provider-ini": "3.911.0", "@aws-sdk/credential-provider-process": "3.911.0", "@aws-sdk/credential-provider-sso": "3.911.0", "@aws-sdk/credential-provider-web-identity": "3.911.0", "@aws-sdk/types": "3.910.0", "@smithy/credential-provider-imds": "^4.2.2", "@smithy/property-provider": "^4.2.2", "@smithy/shared-ini-file-loader": "^4.3.2", "@smithy/types": "^4.7.1", "tslib": "^2.6.2" } }, "sha512-4oGpLwgQCKNtVoJROztJ4v7lZLhCqcUMX6pe/DQ2aU0TktZX7EczMCIEGjVo5b7yHwSNWt2zW0tDdgVUTsMHPw=="],

    "@aws-sdk/credential-provider-process": ["@aws-sdk/credential-provider-process@3.911.0", "", { "dependencies": { "@aws-sdk/core": "3.911.0", "@aws-sdk/types": "3.910.0", "@smithy/property-provider": "^4.2.2", "@smithy/shared-ini-file-loader": "^4.3.2", "@smithy/types": "^4.7.1", "tslib": "^2.6.2" } }, "sha512-mKshhV5jRQffZjbK9x7bs+uC2IsYKfpzYaBamFsEov3xtARCpOiKaIlM8gYKFEbHT2M+1R3rYYlhhl9ndVWS2g=="],

    "@aws-sdk/credential-provider-sso": ["@aws-sdk/credential-provider-sso@3.911.0", "", { "dependencies": { "@aws-sdk/client-sso": "3.911.0", "@aws-sdk/core": "3.911.0", "@aws-sdk/token-providers": "3.911.0", "@aws-sdk/types": "3.910.0", "@smithy/property-provider": "^4.2.2", "@smithy/shared-ini-file-loader": "^4.3.2", "@smithy/types": "^4.7.1", "tslib": "^2.6.2" } }, "sha512-JAxd4uWe0Zc9tk6+N0cVxe9XtJVcOx6Ms0k933ZU9QbuRMH6xti/wnZxp/IvGIWIDzf5fhqiGyw5MSyDeI5b1w=="],

    "@aws-sdk/credential-provider-web-identity": ["@aws-sdk/credential-provider-web-identity@3.911.0", "", { "dependencies": { "@aws-sdk/core": "3.911.0", "@aws-sdk/nested-clients": "3.911.0", "@aws-sdk/types": "3.910.0", "@smithy/property-provider": "^4.2.2", "@smithy/shared-ini-file-loader": "^4.3.2", "@smithy/types": "^4.7.1", "tslib": "^2.6.2" } }, "sha512-urIbXWWG+cm54RwwTFQuRwPH0WPsMFSDF2/H9qO2J2fKoHRURuyblFCyYG3aVKZGvFBhOizJYexf5+5w3CJKBw=="],

    "@aws-sdk/middleware-bucket-endpoint": ["@aws-sdk/middleware-bucket-endpoint@3.910.0", "", { "dependencies": { "@aws-sdk/types": "3.910.0", "@aws-sdk/util-arn-parser": "3.893.0", "@smithy/node-config-provider": "^4.3.2", "@smithy/protocol-http": "^5.3.2", "@smithy/types": "^4.7.1", "@smithy/util-config-provider": "^4.2.0", "tslib": "^2.6.2" } }, "sha512-8ZfA0WARwvAKQQ7vmoQTg6xFEewFqsQCltQIHd7NtNs3CLF1aU06Ixp0i7Mp68k6dUj9WJJO7mz3I5VFOecqHQ=="],

    "@aws-sdk/middleware-expect-continue": ["@aws-sdk/middleware-expect-continue@3.910.0", "", { "dependencies": { "@aws-sdk/types": "3.910.0", "@smithy/protocol-http": "^5.3.2", "@smithy/types": "^4.7.1", "tslib": "^2.6.2" } }, "sha512-jtnsBlxuRyRbK52WdNSry28Tn4ljIqUfUEzDFYWDTEymEGPpVguQKPudW/6M5BWEDmNsv3ai/X+fXd0GZ1fE/Q=="],

    "@aws-sdk/middleware-flexible-checksums": ["@aws-sdk/middleware-flexible-checksums@3.911.0", "", { "dependencies": { "@aws-crypto/crc32": "5.2.0", "@aws-crypto/crc32c": "5.2.0", "@aws-crypto/util": "5.2.0", "@aws-sdk/core": "3.911.0", "@aws-sdk/types": "3.910.0", "@smithy/is-array-buffer": "^4.2.0", "@smithy/node-config-provider": "^4.3.2", "@smithy/protocol-http": "^5.3.2", "@smithy/types": "^4.7.1", "@smithy/util-middleware": "^4.2.2", "@smithy/util-stream": "^4.5.2", "@smithy/util-utf8": "^4.2.0", "tslib": "^2.6.2" } }, "sha512-ZeS5zPKRCBMqpO8e0S/isfDWBt8AtG604PopKFFqEowbbV8cf6ms3hddNZRajTHvaoWBlU7Fbcn0827RWJnBdw=="],

    "@aws-sdk/middleware-host-header": ["@aws-sdk/middleware-host-header@3.910.0", "", { "dependencies": { "@aws-sdk/types": "3.910.0", "@smithy/protocol-http": "^5.3.2", "@smithy/types": "^4.7.1", "tslib": "^2.6.2" } }, "sha512-F9Lqeu80/aTM6S/izZ8RtwSmjfhWjIuxX61LX+/9mxJyEkgaECRxv0chsLQsLHJumkGnXRy/eIyMLBhcTPF5vg=="],

    "@aws-sdk/middleware-location-constraint": ["@aws-sdk/middleware-location-constraint@3.910.0", "", { "dependencies": { "@aws-sdk/types": "3.910.0", "@smithy/types": "^4.7.1", "tslib": "^2.6.2" } }, "sha512-/uUTAgb1NpZZInA1WulRbDfIxO4aH+Ze2CwfjEiFbJxsm8mxktqfCa8qa7to0+vhbCdCWqyVw7kHVwrNhQFUNQ=="],

    "@aws-sdk/middleware-logger": ["@aws-sdk/middleware-logger@3.910.0", "", { "dependencies": { "@aws-sdk/types": "3.910.0", "@smithy/types": "^4.7.1", "tslib": "^2.6.2" } }, "sha512-3LJyyfs1USvRuRDla1pGlzGRtXJBXD1zC9F+eE9Iz/V5nkmhyv52A017CvKWmYoR0DM9dzjLyPOI0BSSppEaTw=="],

    "@aws-sdk/middleware-recursion-detection": ["@aws-sdk/middleware-recursion-detection@3.910.0", "", { "dependencies": { "@aws-sdk/types": "3.910.0", "@aws/lambda-invoke-store": "^0.0.1", "@smithy/protocol-http": "^5.3.2", "@smithy/types": "^4.7.1", "tslib": "^2.6.2" } }, "sha512-m/oLz0EoCy+WoIVBnXRXJ4AtGpdl0kPE7U+VH9TsuUzHgxY1Re/176Q1HWLBRVlz4gr++lNsgsMWEC+VnAwMpw=="],

    "@aws-sdk/middleware-sdk-s3": ["@aws-sdk/middleware-sdk-s3@3.911.0", "", { "dependencies": { "@aws-sdk/core": "3.911.0", "@aws-sdk/types": "3.910.0", "@aws-sdk/util-arn-parser": "3.893.0", "@smithy/core": "^3.16.1", "@smithy/node-config-provider": "^4.3.2", "@smithy/protocol-http": "^5.3.2", "@smithy/signature-v4": "^5.3.2", "@smithy/smithy-client": "^4.8.1", "@smithy/types": "^4.7.1", "@smithy/util-config-provider": "^4.2.0", "@smithy/util-middleware": "^4.2.2", "@smithy/util-stream": "^4.5.2", "@smithy/util-utf8": "^4.2.0", "tslib": "^2.6.2" } }, "sha512-P0mIIW/QkAGNvFu15Jqa5NSmHeQvZkkQY8nbQpCT3tGObZe4wRsq5u1mOS+CJp4DIBbRZuHeX7ohbX5kPMi4dg=="],

    "@aws-sdk/middleware-ssec": ["@aws-sdk/middleware-ssec@3.910.0", "", { "dependencies": { "@aws-sdk/types": "3.910.0", "@smithy/types": "^4.7.1", "tslib": "^2.6.2" } }, "sha512-Ikb0WrIiOeaZo9UmeoVrO4GH2OHiMTKSbr5raTW8nTCArED8iTVZiBF6As+JicZMLSNiBiYSb7EjDihWQ0DrTQ=="],

    "@aws-sdk/middleware-user-agent": ["@aws-sdk/middleware-user-agent@3.911.0", "", { "dependencies": { "@aws-sdk/core": "3.911.0", "@aws-sdk/types": "3.910.0", "@aws-sdk/util-endpoints": "3.910.0", "@smithy/core": "^3.16.1", "@smithy/protocol-http": "^5.3.2", "@smithy/types": "^4.7.1", "tslib": "^2.6.2" } }, "sha512-rY3LvGvgY/UI0nmt5f4DRzjEh8135A2TeHcva1bgOmVfOI4vkkGfA20sNRqerOkSO6hPbkxJapO50UJHFzmmyA=="],

    "@aws-sdk/nested-clients": ["@aws-sdk/nested-clients@3.911.0", "", { "dependencies": { "@aws-crypto/sha256-browser": "5.2.0", "@aws-crypto/sha256-js": "5.2.0", "@aws-sdk/core": "3.911.0", "@aws-sdk/middleware-host-header": "3.910.0", "@aws-sdk/middleware-logger": "3.910.0", "@aws-sdk/middleware-recursion-detection": "3.910.0", "@aws-sdk/middleware-user-agent": "3.911.0", "@aws-sdk/region-config-resolver": "3.910.0", "@aws-sdk/types": "3.910.0", "@aws-sdk/util-endpoints": "3.910.0", "@aws-sdk/util-user-agent-browser": "3.910.0", "@aws-sdk/util-user-agent-node": "3.911.0", "@smithy/config-resolver": "^4.3.2", "@smithy/core": "^3.16.1", "@smithy/fetch-http-handler": "^5.3.3", "@smithy/hash-node": "^4.2.2", "@smithy/invalid-dependency": "^4.2.2", "@smithy/middleware-content-length": "^4.2.2", "@smithy/middleware-endpoint": "^4.3.3", "@smithy/middleware-retry": "^4.4.3", "@smithy/middleware-serde": "^4.2.2", "@smithy/middleware-stack": "^4.2.2", "@smithy/node-config-provider": "^4.3.2", "@smithy/node-http-handler": "^4.4.1", "@smithy/protocol-http": "^5.3.2", "@smithy/smithy-client": "^4.8.1", "@smithy/types": "^4.7.1", "@smithy/url-parser": "^4.2.2", "@smithy/util-base64": "^4.3.0", "@smithy/util-body-length-browser": "^4.2.0", "@smithy/util-body-length-node": "^4.2.1", "@smithy/util-defaults-mode-browser": "^4.3.2", "@smithy/util-defaults-mode-node": "^4.2.3", "@smithy/util-endpoints": "^3.2.2", "@smithy/util-middleware": "^4.2.2", "@smithy/util-retry": "^4.2.2", "@smithy/util-utf8": "^4.2.0", "tslib": "^2.6.2" } }, "sha512-lp/sXbdX/S0EYaMYPVKga0omjIUbNNdFi9IJITgKZkLC6CzspihIoHd5GIdl4esMJevtTQQfkVncXTFkf/a4YA=="],

    "@aws-sdk/region-config-resolver": ["@aws-sdk/region-config-resolver@3.910.0", "", { "dependencies": { "@aws-sdk/types": "3.910.0", "@smithy/node-config-provider": "^4.3.2", "@smithy/types": "^4.7.1", "@smithy/util-config-provider": "^4.2.0", "@smithy/util-middleware": "^4.2.2", "tslib": "^2.6.2" } }, "sha512-gzQAkuHI3xyG6toYnH/pju+kc190XmvnB7X84vtN57GjgdQJICt9So/BD0U6h+eSfk9VBnafkVrAzBzWMEFZVw=="],

    "@aws-sdk/signature-v4-multi-region": ["@aws-sdk/signature-v4-multi-region@3.911.0", "", { "dependencies": { "@aws-sdk/middleware-sdk-s3": "3.911.0", "@aws-sdk/types": "3.910.0", "@smithy/protocol-http": "^5.3.2", "@smithy/signature-v4": "^5.3.2", "@smithy/types": "^4.7.1", "tslib": "^2.6.2" } }, "sha512-SJ4dUcY9+HPDIMCHiskT8F7JrRVZF2Y1NUN0Yiy6VUHSULgq2MDlIzSQpNICnmXhk1F1E1B2jJG9XtPYrvtqUg=="],

    "@aws-sdk/token-providers": ["@aws-sdk/token-providers@3.911.0", "", { "dependencies": { "@aws-sdk/core": "3.911.0", "@aws-sdk/nested-clients": "3.911.0", "@aws-sdk/types": "3.910.0", "@smithy/property-provider": "^4.2.2", "@smithy/shared-ini-file-loader": "^4.3.2", "@smithy/types": "^4.7.1", "tslib": "^2.6.2" } }, "sha512-O1c5F1pbEImgEe3Vr8j1gpWu69UXWj3nN3vvLGh77hcrG5dZ8I27tSP5RN4Labm8Dnji/6ia+vqSYpN8w6KN5A=="],

    "@aws-sdk/types": ["@aws-sdk/types@3.910.0", "", { "dependencies": { "@smithy/types": "^4.7.1", "tslib": "^2.6.2" } }, "sha512-o67gL3vjf4nhfmuSUNNkit0d62QJEwwHLxucwVJkR/rw9mfUtAWsgBs8Tp16cdUbMgsyQtCQilL8RAJDoGtadQ=="],

    "@aws-sdk/util-arn-parser": ["@aws-sdk/util-arn-parser@3.893.0", "", { "dependencies": { "tslib": "^2.6.2" } }, "sha512-u8H4f2Zsi19DGnwj5FSZzDMhytYF/bCh37vAtBsn3cNDL3YG578X5oc+wSX54pM3tOxS+NY7tvOAo52SW7koUA=="],

    "@aws-sdk/util-endpoints": ["@aws-sdk/util-endpoints@3.910.0", "", { "dependencies": { "@aws-sdk/types": "3.910.0", "@smithy/types": "^4.7.1", "@smithy/url-parser": "^4.2.2", "@smithy/util-endpoints": "^3.2.2", "tslib": "^2.6.2" } }, "sha512-6XgdNe42ibP8zCQgNGDWoOF53RfEKzpU/S7Z29FTTJ7hcZv0SytC0ZNQQZSx4rfBl036YWYwJRoJMlT4AA7q9A=="],

    "@aws-sdk/util-locate-window": ["@aws-sdk/util-locate-window@3.893.0", "", { "dependencies": { "tslib": "^2.6.2" } }, "sha512-T89pFfgat6c8nMmpI8eKjBcDcgJq36+m9oiXbcUzeU55MP9ZuGgBomGjGnHaEyF36jenW9gmg3NfZDm0AO2XPg=="],

    "@aws-sdk/util-user-agent-browser": ["@aws-sdk/util-user-agent-browser@3.910.0", "", { "dependencies": { "@aws-sdk/types": "3.910.0", "@smithy/types": "^4.7.1", "bowser": "^2.11.0", "tslib": "^2.6.2" } }, "sha512-iOdrRdLZHrlINk9pezNZ82P/VxO/UmtmpaOAObUN+xplCUJu31WNM2EE/HccC8PQw6XlAudpdA6HDTGiW6yVGg=="],

    "@aws-sdk/util-user-agent-node": ["@aws-sdk/util-user-agent-node@3.911.0", "", { "dependencies": { "@aws-sdk/middleware-user-agent": "3.911.0", "@aws-sdk/types": "3.910.0", "@smithy/node-config-provider": "^4.3.2", "@smithy/types": "^4.7.1", "tslib": "^2.6.2" }, "peerDependencies": { "aws-crt": ">=1.0.0" }, "optionalPeers": ["aws-crt"] }, "sha512-3l+f6ooLF6Z6Lz0zGi7vSKSUYn/EePPizv88eZQpEAFunBHv+CSVNPtxhxHfkm7X9tTsV4QGZRIqo3taMLolmA=="],

    "@aws-sdk/xml-builder": ["@aws-sdk/xml-builder@3.911.0", "", { "dependencies": { "@smithy/types": "^4.7.1", "fast-xml-parser": "5.2.5", "tslib": "^2.6.2" } }, "sha512-/yh3oe26bZfCVGrIMRM9Z4hvvGJD+qx5tOLlydOkuBkm72aXON7D9+MucjJXTAcI8tF2Yq+JHa0478eHQOhnLg=="],

    "@aws/lambda-invoke-store": ["@aws/lambda-invoke-store@0.0.1", "", {}, "sha512-ORHRQ2tmvnBXc8t/X9Z8IcSbBA4xTLKuN873FopzklHMeqBst7YG0d+AX97inkvDX+NChYtSr+qGfcqGFaI8Zw=="],

    "@borewit/text-codec": ["@borewit/text-codec@0.1.1", "", {}, "sha512-5L/uBxmjaCIX5h8Z+uu+kA9BQLkc/Wl06UGR5ajNRxu+/XjonB5i8JpgFMrPj3LXTCPA0pv8yxUvbUi+QthGGA=="],

    "@smithy/abort-controller": ["@smithy/abort-controller@4.2.3", "", { "dependencies": { "@smithy/types": "^4.8.0", "tslib": "^2.6.2" } }, "sha512-xWL9Mf8b7tIFuAlpjKtRPnHrR8XVrwTj5NPYO/QwZPtc0SDLsPxb56V5tzi5yspSMytISHybifez+4jlrx0vkQ=="],

    "@smithy/chunked-blob-reader": ["@smithy/chunked-blob-reader@5.2.0", "", { "dependencies": { "tslib": "^2.6.2" } }, "sha512-WmU0TnhEAJLWvfSeMxBNe5xtbselEO8+4wG0NtZeL8oR21WgH1xiO37El+/Y+H/Ie4SCwBy3MxYWmOYaGgZueA=="],

    "@smithy/chunked-blob-reader-native": ["@smithy/chunked-blob-reader-native@4.2.1", "", { "dependencies": { "@smithy/util-base64": "^4.3.0", "tslib": "^2.6.2" } }, "sha512-lX9Ay+6LisTfpLid2zZtIhSEjHMZoAR5hHCR4H7tBz/Zkfr5ea8RcQ7Tk4mi0P76p4cN+Btz16Ffno7YHpKXnQ=="],

    "@smithy/config-resolver": ["@smithy/config-resolver@4.3.3", "", { "dependencies": { "@smithy/node-config-provider": "^4.3.3", "@smithy/types": "^4.8.0", "@smithy/util-config-provider": "^4.2.0", "@smithy/util-middleware": "^4.2.3", "tslib": "^2.6.2" } }, "sha512-xSql8A1Bl41O9JvGU/CtgiLBlwkvpHTSKRlvz9zOBvBCPjXghZ6ZkcVzmV2f7FLAA+80+aqKmIOmy8pEDrtCaw=="],

    "@smithy/core": ["@smithy/core@3.17.0", "", { "dependencies": { "@smithy/middleware-serde": "^4.2.3", "@smithy/protocol-http": "^5.3.3", "@smithy/types": "^4.8.0", "@smithy/util-base64": "^4.3.0", "@smithy/util-body-length-browser": "^4.2.0", "@smithy/util-middleware": "^4.2.3", "@smithy/util-stream": "^4.5.3", "@smithy/util-utf8": "^4.2.0", "@smithy/uuid": "^1.1.0", "tslib": "^2.6.2" } }, "sha512-Tir3DbfoTO97fEGUZjzGeoXgcQAUBRDTmuH9A8lxuP8ATrgezrAJ6cLuRvwdKN4ZbYNlHgKlBX69Hyu3THYhtg=="],

    "@smithy/credential-provider-imds": ["@smithy/credential-provider-imds@4.2.3", "", { "dependencies": { "@smithy/node-config-provider": "^4.3.3", "@smithy/property-provider": "^4.2.3", "@smithy/types": "^4.8.0", "@smithy/url-parser": "^4.2.3", "tslib": "^2.6.2" } }, "sha512-hA1MQ/WAHly4SYltJKitEsIDVsNmXcQfYBRv2e+q04fnqtAX5qXaybxy/fhUeAMCnQIdAjaGDb04fMHQefWRhw=="],

    "@smithy/eventstream-codec": ["@smithy/eventstream-codec@4.2.3", "", { "dependencies": { "@aws-crypto/crc32": "5.2.0", "@smithy/types": "^4.8.0", "@smithy/util-hex-encoding": "^4.2.0", "tslib": "^2.6.2" } }, "sha512-rcr0VH0uNoMrtgKuY7sMfyKqbHc4GQaQ6Yp4vwgm+Z6psPuOgL+i/Eo/QWdXRmMinL3EgFM0Z1vkfyPyfzLmjw=="],

    "@smithy/eventstream-serde-browser": ["@smithy/eventstream-serde-browser@4.2.3", "", { "dependencies": { "@smithy/eventstream-serde-universal": "^4.2.3", "@smithy/types": "^4.8.0", "tslib": "^2.6.2" } }, "sha512-EcS0kydOr2qJ3vV45y7nWnTlrPmVIMbUFOZbMG80+e2+xePQISX9DrcbRpVRFTS5Nqz3FiEbDcTCAV0or7bqdw=="],

    "@smithy/eventstream-serde-config-resolver": ["@smithy/eventstream-serde-config-resolver@4.3.3", "", { "dependencies": { "@smithy/types": "^4.8.0", "tslib": "^2.6.2" } }, "sha512-GewKGZ6lIJ9APjHFqR2cUW+Efp98xLu1KmN0jOWxQ1TN/gx3HTUPVbLciFD8CfScBj2IiKifqh9vYFRRXrYqXA=="],

    "@smithy/eventstream-serde-node": ["@smithy/eventstream-serde-node@4.2.3", "", { "dependencies": { "@smithy/eventstream-serde-universal": "^4.2.3", "@smithy/types": "^4.8.0", "tslib": "^2.6.2" } }, "sha512-uQobOTQq2FapuSOlmGLUeGTpvcBLE5Fc7XjERUSk4dxEi4AhTwuyHYZNAvL4EMUp7lzxxkKDFaJ1GY0ovrj0Kg=="],

    "@smithy/eventstream-serde-universal": ["@smithy/eventstream-serde-universal@4.2.3", "", { "dependencies": { "@smithy/eventstream-codec": "^4.2.3", "@smithy/types": "^4.8.0", "tslib": "^2.6.2" } }, "sha512-QIvH/CKOk1BZPz/iwfgbh1SQD5Y0lpaw2kLA8zpLRRtYMPXeYUEWh+moTaJyqDaKlbrB174kB7FSRFiZ735tWw=="],

    "@smithy/fetch-http-handler": ["@smithy/fetch-http-handler@5.3.4", "", { "dependencies": { "@smithy/protocol-http": "^5.3.3", "@smithy/querystring-builder": "^4.2.3", "@smithy/types": "^4.8.0", "@smithy/util-base64": "^4.3.0", "tslib": "^2.6.2" } }, "sha512-bwigPylvivpRLCm+YK9I5wRIYjFESSVwl8JQ1vVx/XhCw0PtCi558NwTnT2DaVCl5pYlImGuQTSwMsZ+pIavRw=="],

    "@smithy/hash-blob-browser": ["@smithy/hash-blob-browser@4.2.4", "", { "dependencies": { "@smithy/chunked-blob-reader": "^5.2.0", "@smithy/chunked-blob-reader-native": "^4.2.1", "@smithy/types": "^4.8.0", "tslib": "^2.6.2" } }, "sha512-W7eIxD+rTNsLB/2ynjmbdeP7TgxRXprfvqQxKFEfy9HW2HeD7t+g+KCIrY0pIn/GFjA6/fIpH+JQnfg5TTk76Q=="],

    "@smithy/hash-node": ["@smithy/hash-node@4.2.3", "", { "dependencies": { "@smithy/types": "^4.8.0", "@smithy/util-buffer-from": "^4.2.0", "@smithy/util-utf8": "^4.2.0", "tslib": "^2.6.2" } }, "sha512-6+NOdZDbfuU6s1ISp3UOk5Rg953RJ2aBLNLLBEcamLjHAg1Po9Ha7QIB5ZWhdRUVuOUrT8BVFR+O2KIPmw027g=="],

    "@smithy/hash-stream-node": ["@smithy/hash-stream-node@4.2.3", "", { "dependencies": { "@smithy/types": "^4.8.0", "@smithy/util-utf8": "^4.2.0", "tslib": "^2.6.2" } }, "sha512-EXMSa2yiStVII3x/+BIynyOAZlS7dGvI7RFrzXa/XssBgck/7TXJIvnjnCu328GY/VwHDC4VeDyP1S4rqwpYag=="],

    "@smithy/invalid-dependency": ["@smithy/invalid-dependency@4.2.3", "", { "dependencies": { "@smithy/types": "^4.8.0", "tslib": "^2.6.2" } }, "sha512-Cc9W5DwDuebXEDMpOpl4iERo8I0KFjTnomK2RMdhhR87GwrSmUmwMxS4P5JdRf+LsjOdIqumcerwRgYMr/tZ9Q=="],

    "@smithy/is-array-buffer": ["@smithy/is-array-buffer@4.2.0", "", { "dependencies": { "tslib": "^2.6.2" } }, "sha512-DZZZBvC7sjcYh4MazJSGiWMI2L7E0oCiRHREDzIxi/M2LY79/21iXt6aPLHge82wi5LsuRF5A06Ds3+0mlh6CQ=="],

    "@smithy/md5-js": ["@smithy/md5-js@4.2.3", "", { "dependencies": { "@smithy/types": "^4.8.0", "@smithy/util-utf8": "^4.2.0", "tslib": "^2.6.2" } }, "sha512-5+4bUEJQi/NRgzdA5SVXvAwyvEnD0ZAiKzV3yLO6dN5BG8ScKBweZ8mxXXUtdxq+Dx5k6EshKk0XJ7vgvIPSnA=="],

    "@smithy/middleware-content-length": ["@smithy/middleware-content-length@4.2.3", "", { "dependencies": { "@smithy/protocol-http": "^5.3.3", "@smithy/types": "^4.8.0", "tslib": "^2.6.2" } }, "sha512-/atXLsT88GwKtfp5Jr0Ks1CSa4+lB+IgRnkNrrYP0h1wL4swHNb0YONEvTceNKNdZGJsye+W2HH8W7olbcPUeA=="],

    "@smithy/middleware-endpoint": ["@smithy/middleware-endpoint@4.3.4", "", { "dependencies": { "@smithy/core": "^3.17.0", "@smithy/middleware-serde": "^4.2.3", "@smithy/node-config-provider": "^4.3.3", "@smithy/shared-ini-file-loader": "^4.3.3", "@smithy/types": "^4.8.0", "@smithy/url-parser": "^4.2.3", "@smithy/util-middleware": "^4.2.3", "tslib": "^2.6.2" } }, "sha512-/RJhpYkMOaUZoJEkddamGPPIYeKICKXOu/ojhn85dKDM0n5iDIhjvYAQLP3K5FPhgB203O3GpWzoK2OehEoIUw=="],

    "@smithy/middleware-retry": ["@smithy/middleware-retry@4.4.4", "", { "dependencies": { "@smithy/node-config-provider": "^4.3.3", "@smithy/protocol-http": "^5.3.3", "@smithy/service-error-classification": "^4.2.3", "@smithy/smithy-client": "^4.9.0", "@smithy/types": "^4.8.0", "@smithy/util-middleware": "^4.2.3", "@smithy/util-retry": "^4.2.3", "@smithy/uuid": "^1.1.0", "tslib": "^2.6.2" } }, "sha512-vSgABQAkuUHRO03AhR2rWxVQ1un284lkBn+NFawzdahmzksAoOeVMnXXsuPViL4GlhRHXqFaMlc8Mj04OfQk1w=="],

    "@smithy/middleware-serde": ["@smithy/middleware-serde@4.2.3", "", { "dependencies": { "@smithy/protocol-http": "^5.3.3", "@smithy/types": "^4.8.0", "tslib": "^2.6.2" } }, "sha512-8g4NuUINpYccxiCXM5s1/V+uLtts8NcX4+sPEbvYQDZk4XoJfDpq5y2FQxfmUL89syoldpzNzA0R9nhzdtdKnQ=="],

    "@smithy/middleware-stack": ["@smithy/middleware-stack@4.2.3", "", { "dependencies": { "@smithy/types": "^4.8.0", "tslib": "^2.6.2" } }, "sha512-iGuOJkH71faPNgOj/gWuEGS6xvQashpLwWB1HjHq1lNNiVfbiJLpZVbhddPuDbx9l4Cgl0vPLq5ltRfSaHfspA=="],

    "@smithy/node-config-provider": ["@smithy/node-config-provider@4.3.3", "", { "dependencies": { "@smithy/property-provider": "^4.2.3", "@smithy/shared-ini-file-loader": "^4.3.3", "@smithy/types": "^4.8.0", "tslib": "^2.6.2" } }, "sha512-NzI1eBpBSViOav8NVy1fqOlSfkLgkUjUTlohUSgAEhHaFWA3XJiLditvavIP7OpvTjDp5u2LhtlBhkBlEisMwA=="],

    "@smithy/node-http-handler": ["@smithy/node-http-handler@4.4.2", "", { "dependencies": { "@smithy/abort-controller": "^4.2.3", "@smithy/protocol-http": "^5.3.3", "@smithy/querystring-builder": "^4.2.3", "@smithy/types": "^4.8.0", "tslib": "^2.6.2" } }, "sha512-MHFvTjts24cjGo1byXqhXrbqm7uznFD/ESFx8npHMWTFQVdBZjrT1hKottmp69LBTRm/JQzP/sn1vPt0/r6AYQ=="],

    "@smithy/property-provider": ["@smithy/property-provider@4.2.3", "", { "dependencies": { "@smithy/types": "^4.8.0", "tslib": "^2.6.2" } }, "sha512-+1EZ+Y+njiefCohjlhyOcy1UNYjT+1PwGFHCxA/gYctjg3DQWAU19WigOXAco/Ql8hZokNehpzLd0/+3uCreqQ=="],

    "@smithy/protocol-http": ["@smithy/protocol-http@5.3.3", "", { "dependencies": { "@smithy/types": "^4.8.0", "tslib": "^2.6.2" } }, "sha512-Mn7f/1aN2/jecywDcRDvWWWJF4uwg/A0XjFMJtj72DsgHTByfjRltSqcT9NyE9RTdBSN6X1RSXrhn/YWQl8xlw=="],

    "@smithy/querystring-builder": ["@smithy/querystring-builder@4.2.3", "", { "dependencies": { "@smithy/types": "^4.8.0", "@smithy/util-uri-escape": "^4.2.0", "tslib": "^2.6.2" } }, "sha512-LOVCGCmwMahYUM/P0YnU/AlDQFjcu+gWbFJooC417QRB/lDJlWSn8qmPSDp+s4YVAHOgtgbNG4sR+SxF/VOcJQ=="],

    "@smithy/querystring-parser": ["@smithy/querystring-parser@4.2.3", "", { "dependencies": { "@smithy/types": "^4.8.0", "tslib": "^2.6.2" } }, "sha512-cYlSNHcTAX/wc1rpblli3aUlLMGgKZ/Oqn8hhjFASXMCXjIqeuQBei0cnq2JR8t4RtU9FpG6uyl6PxyArTiwKA=="],

    "@smithy/service-error-classification": ["@smithy/service-error-classification@4.2.3", "", { "dependencies": { "@smithy/types": "^4.8.0" } }, "sha512-NkxsAxFWwsPsQiwFG2MzJ/T7uIR6AQNh1SzcxSUnmmIqIQMlLRQDKhc17M7IYjiuBXhrQRjQTo3CxX+DobS93g=="],

    "@smithy/shared-ini-file-loader": ["@smithy/shared-ini-file-loader@4.3.3", "", { "dependencies": { "@smithy/types": "^4.8.0", "tslib": "^2.6.2" } }, "sha512-9f9Ixej0hFhroOK2TxZfUUDR13WVa8tQzhSzPDgXe5jGL3KmaM9s8XN7RQwqtEypI82q9KHnKS71CJ+q/1xLtQ=="],

    "@smithy/signature-v4": ["@smithy/signature-v4@5.3.3", "", { "dependencies": { "@smithy/is-array-buffer": "^4.2.0", "@smithy/protocol-http": "^5.3.3", "@smithy/types": "^4.8.0", "@smithy/util-hex-encoding": "^4.2.0", "@smithy/util-middleware": "^4.2.3", "@smithy/util-uri-escape": "^4.2.0", "@smithy/util-utf8": "^4.2.0", "tslib": "^2.6.2" } }, "sha512-CmSlUy+eEYbIEYN5N3vvQTRfqt0lJlQkaQUIf+oizu7BbDut0pozfDjBGecfcfWf7c62Yis4JIEgqQ/TCfodaA=="],

    "@smithy/smithy-client": ["@smithy/smithy-client@4.9.0", "", { "dependencies": { "@smithy/core": "^3.17.0", "@smithy/middleware-endpoint": "^4.3.4", "@smithy/middleware-stack": "^4.2.3", "@smithy/protocol-http": "^5.3.3", "@smithy/types": "^4.8.0", "@smithy/util-stream": "^4.5.3", "tslib": "^2.6.2" } }, "sha512-qz7RTd15GGdwJ3ZCeBKLDQuUQ88m+skh2hJwcpPm1VqLeKzgZvXf6SrNbxvx7uOqvvkjCMXqx3YB5PDJyk00ww=="],

    "@smithy/types": ["@smithy/types@4.8.0", "", { "dependencies": { "tslib": "^2.6.2" } }, "sha512-QpELEHLO8SsQVtqP+MkEgCYTFW0pleGozfs3cZ183ZBj9z3VC1CX1/wtFMK64p+5bhtZo41SeLK1rBRtd25nHQ=="],

    "@smithy/url-parser": ["@smithy/url-parser@4.2.3", "", { "dependencies": { "@smithy/querystring-parser": "^4.2.3", "@smithy/types": "^4.8.0", "tslib": "^2.6.2" } }, "sha512-I066AigYvY3d9VlU3zG9XzZg1yT10aNqvCaBTw9EPgu5GrsEl1aUkcMvhkIXascYH1A8W0LQo3B1Kr1cJNcQEw=="],

    "@smithy/util-base64": ["@smithy/util-base64@4.3.0", "", { "dependencies": { "@smithy/util-buffer-from": "^4.2.0", "@smithy/util-utf8": "^4.2.0", "tslib": "^2.6.2" } }, "sha512-GkXZ59JfyxsIwNTWFnjmFEI8kZpRNIBfxKjv09+nkAWPt/4aGaEWMM04m4sxgNVWkbt2MdSvE3KF/PfX4nFedQ=="],

    "@smithy/util-body-length-browser": ["@smithy/util-body-length-browser@4.2.0", "", { "dependencies": { "tslib": "^2.6.2" } }, "sha512-Fkoh/I76szMKJnBXWPdFkQJl2r9SjPt3cMzLdOB6eJ4Pnpas8hVoWPYemX/peO0yrrvldgCUVJqOAjUrOLjbxg=="],

    "@smithy/util-body-length-node": ["@smithy/util-body-length-node@4.2.1", "", { "dependencies": { "tslib": "^2.6.2" } }, "sha512-h53dz/pISVrVrfxV1iqXlx5pRg3V2YWFcSQyPyXZRrZoZj4R4DeWRDo1a7dd3CPTcFi3kE+98tuNyD2axyZReA=="],

    "@smithy/util-buffer-from": ["@smithy/util-buffer-from@4.2.0", "", { "dependencies": { "@smithy/is-array-buffer": "^4.2.0", "tslib": "^2.6.2" } }, "sha512-kAY9hTKulTNevM2nlRtxAG2FQ3B2OR6QIrPY3zE5LqJy1oxzmgBGsHLWTcNhWXKchgA0WHW+mZkQrng/pgcCew=="],

    "@smithy/util-config-provider": ["@smithy/util-config-provider@4.2.0", "", { "dependencies": { "tslib": "^2.6.2" } }, "sha512-YEjpl6XJ36FTKmD+kRJJWYvrHeUvm5ykaUS5xK+6oXffQPHeEM4/nXlZPe+Wu0lsgRUcNZiliYNh/y7q9c2y6Q=="],

    "@smithy/util-defaults-mode-browser": ["@smithy/util-defaults-mode-browser@4.3.3", "", { "dependencies": { "@smithy/property-provider": "^4.2.3", "@smithy/smithy-client": "^4.9.0", "@smithy/types": "^4.8.0", "tslib": "^2.6.2" } }, "sha512-vqHoybAuZXbFXZqgzquiUXtdY+UT/aU33sxa4GBPkiYklmR20LlCn+d3Wc3yA5ZM13gQ92SZe/D8xh6hkjx+IQ=="],

    "@smithy/util-defaults-mode-node": ["@smithy/util-defaults-mode-node@4.2.4", "", { "dependencies": { "@smithy/config-resolver": "^4.3.3", "@smithy/credential-provider-imds": "^4.2.3", "@smithy/node-config-provider": "^4.3.3", "@smithy/property-provider": "^4.2.3", "@smithy/smithy-client": "^4.9.0", "@smithy/types": "^4.8.0", "tslib": "^2.6.2" } }, "sha512-X5/xrPHedifo7hJUUWKlpxVb2oDOiqPUXlvsZv1EZSjILoutLiJyWva3coBpn00e/gPSpH8Rn2eIbgdwHQdW7Q=="],

    "@smithy/util-endpoints": ["@smithy/util-endpoints@3.2.3", "", { "dependencies": { "@smithy/node-config-provider": "^4.3.3", "@smithy/types": "^4.8.0", "tslib": "^2.6.2" } }, "sha512-aCfxUOVv0CzBIkU10TubdgKSx5uRvzH064kaiPEWfNIvKOtNpu642P4FP1hgOFkjQIkDObrfIDnKMKkeyrejvQ=="],

    "@smithy/util-hex-encoding": ["@smithy/util-hex-encoding@4.2.0", "", { "dependencies": { "tslib": "^2.6.2" } }, "sha512-CCQBwJIvXMLKxVbO88IukazJD9a4kQ9ZN7/UMGBjBcJYvatpWk+9g870El4cB8/EJxfe+k+y0GmR9CAzkF+Nbw=="],

    "@smithy/util-middleware": ["@smithy/util-middleware@4.2.3", "", { "dependencies": { "@smithy/types": "^4.8.0", "tslib": "^2.6.2" } }, "sha512-v5ObKlSe8PWUHCqEiX2fy1gNv6goiw6E5I/PN2aXg3Fb/hse0xeaAnSpXDiWl7x6LamVKq7senB+m5LOYHUAHw=="],

    "@smithy/util-retry": ["@smithy/util-retry@4.2.3", "", { "dependencies": { "@smithy/service-error-classification": "^4.2.3", "@smithy/types": "^4.8.0", "tslib": "^2.6.2" } }, "sha512-lLPWnakjC0q9z+OtiXk+9RPQiYPNAovt2IXD3CP4LkOnd9NpUsxOjMx1SnoUVB7Orb7fZp67cQMtTBKMFDvOGg=="],

    "@smithy/util-stream": ["@smithy/util-stream@4.5.3", "", { "dependencies": { "@smithy/fetch-http-handler": "^5.3.4", "@smithy/node-http-handler": "^4.4.2", "@smithy/types": "^4.8.0", "@smithy/util-base64": "^4.3.0", "@smithy/util-buffer-from": "^4.2.0", "@smithy/util-hex-encoding": "^4.2.0", "@smithy/util-utf8": "^4.2.0", "tslib": "^2.6.2" } }, "sha512-oZvn8a5bwwQBNYHT2eNo0EU8Kkby3jeIg1P2Lu9EQtqDxki1LIjGRJM6dJ5CZUig8QmLxWxqOKWvg3mVoOBs5A=="],

    "@smithy/util-uri-escape": ["@smithy/util-uri-escape@4.2.0", "", { "dependencies": { "tslib": "^2.6.2" } }, "sha512-igZpCKV9+E/Mzrpq6YacdTQ0qTiLm85gD6N/IrmyDvQFA4UnU3d5g3m8tMT/6zG/vVkWSU+VxeUyGonL62DuxA=="],

    "@smithy/util-utf8": ["@smithy/util-utf8@4.2.0", "", { "dependencies": { "@smithy/util-buffer-from": "^4.2.0", "tslib": "^2.6.2" } }, "sha512-zBPfuzoI8xyBtR2P6WQj63Rz8i3AmfAaJLuNG8dWsfvPe8lO4aCPYLn879mEgHndZH1zQ2oXmG8O1GGzzaoZiw=="],

    "@smithy/util-waiter": ["@smithy/util-waiter@4.2.3", "", { "dependencies": { "@smithy/abort-controller": "^4.2.3", "@smithy/types": "^4.8.0", "tslib": "^2.6.2" } }, "sha512-5+nU///E5sAdD7t3hs4uwvCTWQtTR8JwKwOCSJtBRx0bY1isDo1QwH87vRK86vlFLBTISqoDA2V6xvP6nF1isQ=="],

    "@smithy/uuid": ["@smithy/uuid@1.1.0", "", { "dependencies": { "tslib": "^2.6.2" } }, "sha512-4aUIteuyxtBUhVdiQqcDhKFitwfd9hqoSDYY2KRXiWtgoWJ9Bmise+KfEPDiVHWeJepvF8xJO9/9+WDIciMFFw=="],

    "@tokenizer/inflate": ["@tokenizer/inflate@0.2.7", "", { "dependencies": { "debug": "^4.4.0", "fflate": "^0.8.2", "token-types": "^6.0.0" } }, "sha512-MADQgmZT1eKjp06jpI2yozxaU9uVs4GzzgSL+uEq7bVcJ9V1ZXQkeGNql1fsSI0gMy1vhvNTNbUqrx+pZfJVmg=="],

    "@tokenizer/token": ["@tokenizer/token@0.3.0", "", {}, "sha512-OvjF+z51L3ov0OyAU0duzsYuvO01PH7x4t6DJx+guahgTnBHkhJdG7soQeTSFLWN3efnHyibZ4Z8l2EuWwJN3A=="],

    "@types/aws-lambda": ["@types/aws-lambda@8.10.156", "", {}, "sha512-LElQP+QliVWykC7OF8dNr04z++HJCMO2lF7k9HuKoSDARqhcjHq8MzbrRwujCSDeBHIlvaimbuY/tVZL36KXFQ=="],

    "@types/bun": ["@types/bun@1.3.0", "", { "dependencies": { "bun-types": "1.3.0" } }, "sha512-+lAGCYjXjip2qY375xX/scJeVRmZ5cY0wyHYyCYxNcdEXrQ4AOe3gACgd4iQ8ksOslJtW4VNxBJ8llUwc3a6AA=="],

    "@types/node": ["@types/node@24.8.0", "", { "dependencies": { "undici-types": "~7.14.0" } }, "sha512-5x08bUtU8hfboMTrJ7mEO4CpepS9yBwAqcL52y86SWNmbPX8LVbNs3EP4cNrIZgdjk2NAlP2ahNihozpoZIxSg=="],

    "@types/react": ["@types/react@19.2.2", "", { "dependencies": { "csstype": "^3.0.2" } }, "sha512-6mDvHUFSjyT2B2yeNx2nUgMxh9LtOWvkhIU3uePn2I2oyNymUAX1NIsdgviM4CH+JSrp2D2hsMvJOkxY+0wNRA=="],

    "bowser": ["bowser@2.12.1", "", {}, "sha512-z4rE2Gxh7tvshQ4hluIT7XcFrgLIQaw9X3A+kTTRdovCz5PMukm/0QC/BKSYPj3omF5Qfypn9O/c5kgpmvYUCw=="],

    "bun-types": ["bun-types@1.3.0", "", { "dependencies": { "@types/node": "*" }, "peerDependencies": { "@types/react": "^19" } }, "sha512-u8X0thhx+yJ0KmkxuEo9HAtdfgCBaM/aI9K90VQcQioAmkVp3SG3FkwWGibUFz3WdXAdcsqOcbU40lK7tbHdkQ=="],

    "csstype": ["csstype@3.1.3", "", {}, "sha512-M1uQkMl8rQK/szD0LNhtqxIPLpimGm8sOBwU7lLnCpSbTyY3yeU1Vc7l4KT5zT4s/yOxHH5O7tIuuLOCnLADRw=="],

    "debug": ["debug@4.4.3", "", { "dependencies": { "ms": "^2.1.3" } }, "sha512-RGwwWnwQvkVfavKVt22FGLw+xYSdzARwm0ru6DhTVA3umU5hZc28V3kO4stgYryrTlLpuvgI9GiijltAjNbcqA=="],

    "fast-xml-parser": ["fast-xml-parser@5.2.5", "", { "dependencies": { "strnum": "^2.1.0" }, "bin": { "fxparser": "src/cli/cli.js" } }, "sha512-pfX9uG9Ki0yekDHx2SiuRIyFdyAr1kMIMitPvb0YBo8SUfKvia7w7FIyd/l6av85pFYRhZscS75MwMnbvY+hcQ=="],

    "fflate": ["fflate@0.8.2", "", {}, "sha512-cPJU47OaAoCbg0pBvzsgpTPhmhqI5eJjh/JIu8tPj5q+T7iLvW/JAYUqmE7KOB4R1ZyEhzBaIQpQpardBF5z8A=="],

    "file-type": ["file-type@21.0.0", "", { "dependencies": { "@tokenizer/inflate": "^0.2.7", "strtok3": "^10.2.2", "token-types": "^6.0.0", "uint8array-extras": "^1.4.0" } }, "sha512-ek5xNX2YBYlXhiUXui3D/BXa3LdqPmoLJ7rqEx2bKJ7EAUEfmXgW0Das7Dc6Nr9MvqaOnIqiPV0mZk/r/UpNAg=="],

    "ieee754": ["ieee754@1.2.1", "", {}, "sha512-dcyqhDvX1C46lXZcVqCpK+FtMRQVdIMN6/Df5js2zouUsqG7I6sFxitIC+7KYK29KdXOLHdu9zL4sFnoVQnqaA=="],

    "ms": ["ms@2.1.3", "", {}, "sha512-6FlzubTLZG3J2a/NVCAleEhjzq5oxgHyaCU9yYXvcLsvoVaHJq/s5xXI6/XXP6tz7R9xAOtHnSO/tXtF3WRTlA=="],

    "strnum": ["strnum@2.1.1", "", {}, "sha512-7ZvoFTiCnGxBtDqJ//Cu6fWtZtc7Y3x+QOirG15wztbdngGSkht27o2pyGWrVy0b4WAy3jbKmnoK6g5VlVNUUw=="],

    "strtok3": ["strtok3@10.3.4", "", { "dependencies": { "@tokenizer/token": "^0.3.0" } }, "sha512-KIy5nylvC5le1OdaaoCJ07L+8iQzJHGH6pWDuzS+d07Cu7n1MZ2x26P8ZKIWfbK02+XIL8Mp4RkWeqdUCrDMfg=="],

    "token-types": ["token-types@6.1.1", "", { "dependencies": { "@borewit/text-codec": "^0.1.0", "@tokenizer/token": "^0.3.0", "ieee754": "^1.2.1" } }, "sha512-kh9LVIWH5CnL63Ipf0jhlBIy0UsrMj/NJDfpsy1SqOXlLKEVyXXYrnFxFT1yOOYVGBSApeVnjPw/sBz5BfEjAQ=="],

    "tslib": ["tslib@2.8.1", "", {}, "sha512-oJFu94HQb+KVduSUQL7wnpmqnfmLsOA/nAh6b6EH0wCEoK0/mPeXU6c3wKDV83MkOuHPRHtSXKKU99IBazS/2w=="],

    "typescript": ["typescript@5.9.3", "", { "bin": { "tsc": "bin/tsc", "tsserver": "bin/tsserver" } }, "sha512-jl1vZzPDinLr9eUt3J/t7V6FgNEw9QjvBPdysz9KfQDD41fQrC2Y4vKQdiaUpFT4bXlb1RHhLpp8wtm6M5TgSw=="],

    "uint8array-extras": ["uint8array-extras@1.5.0", "", {}, "sha512-rvKSBiC5zqCCiDZ9kAOszZcDvdAHwwIKJG33Ykj43OKcWsnmcBRL09YTU4nOeHZ8Y2a7l1MgTd08SBe9A8Qj6A=="],

    "undici-types": ["undici-types@7.14.0", "", {}, "sha512-QQiYxHuyZ9gQUIrmPo3IA+hUl4KYk8uSA7cHrcKd/l3p1OTpZcM0Tbp9x7FAtXdAYhlasd60ncPpgu6ihG6TOA=="],

    "@aws-crypto/sha1-browser/@smithy/util-utf8": ["@smithy/util-utf8@2.3.0", "", { "dependencies": { "@smithy/util-buffer-from": "^2.2.0", "tslib": "^2.6.2" } }, "sha512-R8Rdn8Hy72KKcebgLiv8jQcQkXoLMOGGv5uI1/k0l+snqkOzQ1R0ChUBCxWMlBsFMekWjq0wRudIweFs7sKT5A=="],

    "@aws-crypto/sha256-browser/@smithy/util-utf8": ["@smithy/util-utf8@2.3.0", "", { "dependencies": { "@smithy/util-buffer-from": "^2.2.0", "tslib": "^2.6.2" } }, "sha512-R8Rdn8Hy72KKcebgLiv8jQcQkXoLMOGGv5uI1/k0l+snqkOzQ1R0ChUBCxWMlBsFMekWjq0wRudIweFs7sKT5A=="],

    "@aws-crypto/util/@smithy/util-utf8": ["@smithy/util-utf8@2.3.0", "", { "dependencies": { "@smithy/util-buffer-from": "^2.2.0", "tslib": "^2.6.2" } }, "sha512-R8Rdn8Hy72KKcebgLiv8jQcQkXoLMOGGv5uI1/k0l+snqkOzQ1R0ChUBCxWMlBsFMekWjq0wRudIweFs7sKT5A=="],

    "@aws-crypto/sha1-browser/@smithy/util-utf8/@smithy/util-buffer-from": ["@smithy/util-buffer-from@2.2.0", "", { "dependencies": { "@smithy/is-array-buffer": "^2.2.0", "tslib": "^2.6.2" } }, "sha512-IJdWBbTcMQ6DA0gdNhh/BwrLkDR+ADW5Kr1aZmd4k3DIF6ezMV4R2NIAmT08wQJ3yUK82thHWmC/TnK/wpMMIA=="],

    "@aws-crypto/sha256-browser/@smithy/util-utf8/@smithy/util-buffer-from": ["@smithy/util-buffer-from@2.2.0", "", { "dependencies": { "@smithy/is-array-buffer": "^2.2.0", "tslib": "^2.6.2" } }, "sha512-IJdWBbTcMQ6DA0gdNhh/BwrLkDR+ADW5Kr1aZmd4k3DIF6ezMV4R2NIAmT08wQJ3yUK82thHWmC/TnK/wpMMIA=="],

    "@aws-crypto/util/@smithy/util-utf8/@smithy/util-buffer-from": ["@smithy/util-buffer-from@2.2.0", "", { "dependencies": { "@smithy/is-array-buffer": "^2.2.0", "tslib": "^2.6.2" } }, "sha512-IJdWBbTcMQ6DA0gdNhh/BwrLkDR+ADW5Kr1aZmd4k3DIF6ezMV4R2NIAmT08wQJ3yUK82thHWmC/TnK/wpMMIA=="],

    "@aws-crypto/sha1-browser/@smithy/util-utf8/@smithy/util-buffer-from/@smithy/is-array-buffer": ["@smithy/is-array-buffer@2.2.0", "", { "dependencies": { "tslib": "^2.6.2" } }, "sha512-GGP3O9QFD24uGeAXYUjwSTXARoqpZykHadOmA8G5vfJPK0/DC67qa//0qvqrJzL1xc8WQWX7/yc7fwudjPHPhA=="],

    "@aws-crypto/sha256-browser/@smithy/util-utf8/@smithy/util-buffer-from/@smithy/is-array-buffer": ["@smithy/is-array-buffer@2.2.0", "", { "dependencies": { "tslib": "^2.6.2" } }, "sha512-GGP3O9QFD24uGeAXYUjwSTXARoqpZykHadOmA8G5vfJPK0/DC67qa//0qvqrJzL1xc8WQWX7/yc7fwudjPHPhA=="],

    "@aws-crypto/util/@smithy/util-utf8/@smithy/util-buffer-from/@smithy/is-array-buffer": ["@smithy/is-array-buffer@2.2.0", "", { "dependencies": { "tslib": "^2.6.2" } }, "sha512-GGP3O9QFD24uGeAXYUjwSTXARoqpZykHadOmA8G5vfJPK0/DC67qa//0qvqrJzL1xc8WQWX7/yc7fwudjPHPhA=="],
  }
}
